
Microsoft Visual Studio Solution File, Format Version 12.00
# Visual Studio 15
VisualStudioVersion = 15.0.27004.2006
MinimumVisualStudioVersion = 10.0.40219.1
Project("{FAE04EC0-301F-11D3-BF4B-00C04F79EFBC}") = "DTUProjectApp", "DTUProjectApp\DTUProjectApp.csproj", "{69180901-3365-4BE4-8132-C3AB9A7E5274}"
EndProject
Global
	GlobalSection(SolutionConfigurationPlatforms) = preSolution
		Debug|Any CPU = Debug|Any CPU
		Release|Any CPU = Release|Any CPU
	EndGlobalSection
	GlobalSection(ProjectConfigurationPlatforms) = postSolution
		{69180901-3365-4BE4-8132-C3AB9A7E5274}.Debug|Any CPU.ActiveCfg = Debug|Any CPU
		{69180901-3365-4BE4-8132-C3AB9A7E5274}.Debug|Any CPU.Build.0 = Debug|Any CPU
		{69180901-3365-4BE4-8132-C3AB9A7E5274}.Debug|Any CPU.Deploy.0 = Debug|Any CPU
		{69180901-3365-4BE4-8132-C3AB9A7E5274}.Release|Any CPU.ActiveCfg = Release|Any CPU
		{69180901-3365-4BE4-8132-C3AB9A7E5274}.Release|Any CPU.Build.0 = Release|Any CPU
		{69180901-3365-4BE4-8132-C3AB9A7E5274}.Release|Any CPU.Deploy.0 = Release|Any CPU
	EndGlobalSection
	GlobalSection(SolutionProperties) = preSolution
		HideSolutionNode = FALSE
	EndGlobalSection
	GlobalSection(ExtensibilityGlobals) = postSolution
		SolutionGuid = {10492A35-358F-41FD-BB5A-8A9D2E49CF77}
	EndGlobalSection
EndGlobal
